// !$*UTF8*$!
{
	archiveVersion = 1;
	classes = {
	};
	objectVersion = 46;
	objects = {

/* Begin PBXBuildFile section */
		7040065F1E436CC500C47FFF /* main.cpp in Sources */ = {isa = PBXBuildFile; fileRef = 7040065E1E436CC500C47FFF /* main.cpp */; };
		7040066A1E439F3500C47FFF /* lic.hpp in Sources */ = {isa = PBXBuildFile; fileRef = 704006681E436DCB00C47FFF /* lic.hpp */; };
/* End PBXBuildFile section */

/* Begin PBXCopyFilesBuildPhase section */
		704006591E436CC500C47FFF /* CopyFiles */ = {
			isa = PBXCopyFilesBuildPhase;
			buildActionMask = 2147483647;
			dstPath = /usr/share/man/man1/;
			dstSubfolderSpec = 0;
			files = (
			);
			runOnlyForDeploymentPostprocessing = 1;
		};
/* End PBXCopyFilesBuildPhase section */

/* Begin PBXFileReference section */
		7040065B1E436CC500C47FFF /* LineIntegralConvolution */ = {isa = PBXFileReference; explicitFileType = "compiled.mach-o.executable"; includeInIndex = 0; path = LineIntegralConvolution; sourceTree = BUILT_PRODUCTS_DIR; };
		7040065E1E436CC500C47FFF /* main.cpp */ = {isa = PBXFileReference; lastKnownFileType = sourcecode.cpp.cpp; path = main.cpp; sourceTree = "<group>"; };
		704006681E436DCB00C47FFF /* lic.hpp */ = {isa = PBXFileReference; fileEncoding = 4; lastKnownFileType = sourcecode.cpp.h; path = lic.hpp; sourceTree = "<group>"; };
/* End PBXFileReference section */

/* Begin PBXFrameworksBuildPhase section */
		704006581E436CC500C47FFF /* Frameworks */ = {
			isa = PBXFrameworksBuildPhase;
			buildActionMask = 2147483647;
			files = (
			);
			runOnlyForDeploymentPostprocessing = 0;
		};
/* End PBXFrameworksBuildPhase section */

/* Begin PBXGroup section */
		704006521E436CC500C47FFF = {
			isa = PBXGroup;
			children = (
				7040065D1E436CC500C47FFF /* LineIntegralConvolution */,
				7040065C1E436CC500C47FFF /* Products */,
			);
			sourceTree = "<group>";
		};
		7040065C1E436CC500C47FFF /* Products */ = {
			isa = PBXGroup;
			children = (
				7040065B1E436CC500C47FFF /* LineIntegralConvolution */,
			);
			name = Products;
			sourceTree = "<group>";
		};
		7040065D1E436CC500C47FFF /* LineIntegralConvolution */ = {
			isa = PBXGroup;
			children = (
				7040065E1E436CC500C47FFF /* main.cpp */,
				704006681E436DCB00C47FFF /* lic.hpp */,
			);
			path = LineIntegralConvolution;
			sourceTree = "<group>";
		};
/* End PBXGroup section */

/* Begin PBXNativeTarget section */
		7040065A1E436CC500C47FFF /* LineIntegralConvolution */ = {
			isa = PBXNativeTarget;
			buildConfigurationList = 704006621E436CC500C47FFF /* Build configuration list for PBXNativeTarget "LineIntegralConvolution" */;
			buildPhases = (
				704006571E436CC500C47FFF /* Sources */,
				704006581E436CC500C47FFF /* Frameworks */,
				704006591E436CC500C47FFF /* CopyFiles */,
			);
			buildRules = (
			);
			dependencies = (
			);
			name = LineIntegralConvolution;
			productName = LineIntegralConvolution;
			productReference = 7040065B1E436CC500C47FFF /* LineIntegralConvolution */;
			productType = "com.apple.product-type.tool";
		};
/* End PBXNativeTarget section */

/* Begin PBXProject section */
		704006531E436CC500C47FFF /* Project object */ = {
			isa = PBXProject;
			attributes = {
				LastUpgradeCheck = 0820;
				ORGANIZATIONNAME = xyz;
				TargetAttributes = {
					7040065A1E436CC500C47FFF = {
						CreatedOnToolsVersion = 8.2.1;
						ProvisioningStyle = Automatic;
					};
				};
			};
			buildConfigurationList = 704006561E436CC500C47FFF /* Build configuration list for PBXProject "LineIntegralConvolution" */;
			compatibilityVersion = "Xcode 3.2";
			developmentRegion = English;
			hasScannedForEncodings = 0;
			knownRegions = (
				en,
			);
			mainGroup = 704006521E436CC500C47FFF;
			productRefGroup = 7040065C1E436CC500C47FFF /* Products */;
			projectDirPath = "";
			projectRoot = "";
			targets = (
				7040065A1E436CC500C47FFF /* LineIntegralConvolution */,
			);
		};
/* End PBXProject section */

/* Begin PBXSourcesBuildPhase section */
		704006571E436CC500C47FFF /* Sources */ = {
			isa = PBXSourcesBuildPhase;
			buildActionMask = 2147483647;
			files = (
				7040066A1E439F3500C47FFF /* lic.hpp in Sources */,
				7040065F1E436CC500C47FFF /* main.cpp in Sources */,
			);
			runOnlyForDeploymentPostprocessing = 0;
		};
/* End PBXSourcesBuildPhase section */

/* Begin XCBuildConfiguration section */
		704006601E436CC500C47FFF /* Debug */ = {
			isa = XCBuildConfiguration;
			buildSettings = {
				ALWAYS_SEARCH_USER_PATHS = NO;
				CLANG_ANALYZER_NONNULL = YES;
				CLANG_CXX_LANGUAGE_STANDARD = "gnu++0x";
				CLANG_CXX_LIBRARY = "libc++";
				CLANG_ENABLE_MODULES = YES;
				CLANG_ENABLE_OBJC_ARC = YES;
				CLANG_WARN_BOOL_CONVERSION = YES;
				CLANG_WARN_CONSTANT_CONVERSION = YES;
				CLANG_WARN_DIRECT_OBJC_ISA_USAGE = YES_ERROR;
				CLANG_WARN_DOCUMENTATION_COMMENTS = YES;
				CLANG_WARN_EMPTY_BODY = YES;
				CLANG_WARN_ENUM_CONVERSION = YES;
				CLANG_WARN_INFINITE_RECURSION = YES;
				CLANG_WARN_INT_CONVERSION = YES;
				CLANG_WARN_OBJC_ROOT_CLASS = YES_ERROR;
				CLANG_WARN_SUSPICIOUS_MOVE = YES;
				CLANG_WARN_UNREACHABLE_CODE = YES;
				CLANG_WARN__DUPLICATE_METHOD_MATCH = YES;
				CODE_SIGN_IDENTITY = "-";
				COPY_PHASE_STRIP = NO;
				DEBUG_INFORMATION_FORMAT = dwarf;
				ENABLE_STRICT_OBJC_MSGSEND = YES;
				ENABLE_TESTABILITY = YES;
				GCC_C_LANGUAGE_STANDARD = gnu99;
				GCC_DYNAMIC_NO_PIC = NO;
				GCC_NO_COMMON_BLOCKS = YES;
				GCC_OPTIMIZATION_LEVEL = 0;
				GCC_PREPROCESSOR_DEFINITIONS = (
					"DEBUG=1",
					"$(inherited)",
				);
				GCC_WARN_64_TO_32_BIT_CONVERSION = YES;
				GCC_WARN_ABOUT_RETURN_TYPE = YES_ERROR;
				GCC_WARN_UNDECLARED_SELECTOR = YES;
				GCC_WARN_UNINITIALIZED_AUTOS = YES_AGGRESSIVE;
				GCC_WARN_UNUSED_FUNCTION = YES;
				GCC_WARN_UNUSED_VARIABLE = YES;
				MACOSX_DEPLOYMENT_TARGET = 10.12;
				MTL_ENABLE_DEBUG_INFO = YES;
				ONLY_ACTIVE_ARCH = YES;
				SDKROOT = macosx;
			};
			name = Debug;
		};
		704006611E436CC500C47FFF /* Release */ = {
			isa = XCBuildConfiguration;
			buildSettings = {
				ALWAYS_SEARCH_USER_PATHS = NO;
				CLANG_ANALYZER_NONNULL = YES;
				CLANG_CXX_LANGUAGE_STANDARD = "gnu++0x";
				CLANG_CXX_LIBRARY = "libc++";
				CLANG_ENABLE_MODULES = YES;
				CLANG_ENABLE_OBJC_ARC = YES;
				CLANG_WARN_BOOL_CONVERSION = YES;
				CLANG_WARN_CONSTANT_CONVERSION = YES;
				CLANG_WARN_DIRECT_OBJC_ISA_USAGE = YES_ERROR;
				CLANG_WARN_DOCUMENTATION_COMMENTS = YES;
				CLANG_WARN_EMPTY_BODY = YES;
				CLANG_WARN_ENUM_CONVERSION = YES;
				CLANG_WARN_INFINITE_RECURSION = YES;
				CLANG_WARN_INT_CONVERSION = YES;
				CLANG_WARN_OBJC_ROOT_CLASS = YES_ERROR;
				CLANG_WARN_SUSPICIOUS_MOVE = YES;
				CLANG_WARN_UNREACHABLE_CODE = YES;
				CLANG_WARN__DUPLICATE_METHOD_MATCH = YES;
				CODE_SIGN_IDENTITY = "-";
				COPY_PHASE_STRIP = NO;
				DEBUG_INFORMATION_FORMAT = "dwarf-with-dsym";
				ENABLE_NS_ASSERTIONS = NO;
				ENABLE_STRICT_OBJC_MSGSEND = YES;
				GCC_C_LANGUAGE_STANDARD = gnu99;
				GCC_NO_COMMON_BLOCKS = YES;
				GCC_WARN_64_TO_32_BIT_CONVERSION = YES;
				GCC_WARN_ABOUT_RETURN_TYPE = YES_ERROR;
				GCC_WARN_UNDECLARED_SELECTOR = YES;
				GCC_WARN_UNINITIALIZED_AUTOS = YES_AGGRESSIVE;
				GCC_WARN_UNUSED_FUNCTION = YES;
				GCC_WARN_UNUSED_VARIABLE = YES;
				MACOSX_DEPLOYMENT_TARGET = 10.12;
				MTL_ENABLE_DEBUG_INFO = NO;
				SDKROOT = macosx;
			};
			name = Release;
		};
		704006631E436CC500C47FFF /* Debug */ = {
			isa = XCBuildConfiguration;
			buildSettings = {
				HEADER_SEARCH_PATHS = /usr/local/include;
				LIBRARY_SEARCH_PATHS = /usr/local/lib;
				OTHER_LDFLAGS = (
					"-lopencv_imgproc",
					"-lopencv_highgui",
					"-lopencv_core",
					"-lopencv_objdetect",
					"-lopencv_features2d",
				);
				PRODUCT_NAME = "$(TARGET_NAME)";
			};
			name = Debug;
		};
		704006641E436CC500C47FFF /* Release */ = {
			isa = XCBuildConfiguration;
			buildSettings = {
				HEADER_SEARCH_PATHS = /usr/local/include;
				LIBRARY_SEARCH_PATHS = /usr/local/lib;
				OTHER_LDFLAGS = (
					"-lopencv_imgproc",
					"-lopencv_highgui",
					"-lopencv_core",
					"-lopencv_objdetect",
					"-lopencv_features2d",
				);
				PRODUCT_NAME = "$(TARGET_NAME)";
			};
			name = Release;
		};
/* End XCBuildConfiguration section */

/* Begin XCConfigurationList section */
		704006561E436CC500C47FFF /* Build configuration list for PBXProject "LineIntegralConvolution" */ = {
			isa = XCConfigurationList;
			buildConfigurations = (
				704006601E436CC500C47FFF /* Debug */,
				704006611E436CC500C47FFF /* Release */,
			);
			defaultConfigurationIsVisible = 0;
			defaultConfigurationName = Release;
		};
		704006621E436CC500C47FFF /* Build configuration list for PBXNativeTarget "LineIntegralConvolution" */ = {
			isa = XCConfigurationList;
			buildConfigurations = (
				704006631E436CC500C47FFF /* Debug */,
				704006641E436CC500C47FFF /* Release */,
			);
			defaultConfigurationIsVisible = 0;
		};
/* End XCConfigurationList section */
	};
	rootObject = 704006531E436CC500C47FFF /* Project object */;
}
